
Microsoft Visual Studio Solution File, Format Version 12.00
# Visual Studio 15
VisualStudioVersion = 15.0.26124.0
MinimumVisualStudioVersion = 15.0.26124.0
Project("{FAE04EC0-301F-11D3-BF4B-00C04F79EFBC}") = "Dominio", "Dominio\Dominio.csproj", "{7A5F2E13-76E1-4780-80A1-B99463BFA11E}"
EndProject
Project("{FAE04EC0-301F-11D3-BF4B-00C04F79EFBC}") = "Aplicacion", "Aplicacion\Aplicacion.csproj", "{119B3AD0-BEF1-4223-BE8B-6F397C00E6A1}"
EndProject
Project("{FAE04EC0-301F-11D3-BF4B-00C04F79EFBC}") = "Persistencia", "Persistencia\Persistencia.csproj", "{06591671-98E6-421E-BCCD-F530EC7D9615}"
EndProject
Project("{FAE04EC0-301F-11D3-BF4B-00C04F79EFBC}") = "WebAPI", "WebAPI\WebAPI.csproj", "{95542CD8-E343-44F5-A78C-A287531A7D6E}"
EndProject
Global
	GlobalSection(SolutionConfigurationPlatforms) = preSolution
		Debug|Any CPU = Debug|Any CPU
		Debug|x64 = Debug|x64
		Debug|x86 = Debug|x86
		Release|Any CPU = Release|Any CPU
		Release|x64 = Release|x64
		Release|x86 = Release|x86
	EndGlobalSection
	GlobalSection(SolutionProperties) = preSolution
		HideSolutionNode = FALSE
	EndGlobalSection
	GlobalSection(ProjectConfigurationPlatforms) = postSolution
		{7A5F2E13-76E1-4780-80A1-B99463BFA11E}.Debug|Any CPU.ActiveCfg = Debug|Any CPU
		{7A5F2E13-76E1-4780-80A1-B99463BFA11E}.Debug|Any CPU.Build.0 = Debug|Any CPU
		{7A5F2E13-76E1-4780-80A1-B99463BFA11E}.Debug|x64.ActiveCfg = Debug|Any CPU
		{7A5F2E13-76E1-4780-80A1-B99463BFA11E}.Debug|x64.Build.0 = Debug|Any CPU
		{7A5F2E13-76E1-4780-80A1-B99463BFA11E}.Debug|x86.ActiveCfg = Debug|Any CPU
		{7A5F2E13-76E1-4780-80A1-B99463BFA11E}.Debug|x86.Build.0 = Debug|Any CPU
		{7A5F2E13-76E1-4780-80A1-B99463BFA11E}.Release|Any CPU.ActiveCfg = Release|Any CPU
		{7A5F2E13-76E1-4780-80A1-B99463BFA11E}.Release|Any CPU.Build.0 = Release|Any CPU
		{7A5F2E13-76E1-4780-80A1-B99463BFA11E}.Release|x64.ActiveCfg = Release|Any CPU
		{7A5F2E13-76E1-4780-80A1-B99463BFA11E}.Release|x64.Build.0 = Release|Any CPU
		{7A5F2E13-76E1-4780-80A1-B99463BFA11E}.Release|x86.ActiveCfg = Release|Any CPU
		{7A5F2E13-76E1-4780-80A1-B99463BFA11E}.Release|x86.Build.0 = Release|Any CPU
		{119B3AD0-BEF1-4223-BE8B-6F397C00E6A1}.Debug|Any CPU.ActiveCfg = Debug|Any CPU
		{119B3AD0-BEF1-4223-BE8B-6F397C00E6A1}.Debug|Any CPU.Build.0 = Debug|Any CPU
		{119B3AD0-BEF1-4223-BE8B-6F397C00E6A1}.Debug|x64.ActiveCfg = Debug|Any CPU
		{119B3AD0-BEF1-4223-BE8B-6F397C00E6A1}.Debug|x64.Build.0 = Debug|Any CPU
		{119B3AD0-BEF1-4223-BE8B-6F397C00E6A1}.Debug|x86.ActiveCfg = Debug|Any CPU
		{119B3AD0-BEF1-4223-BE8B-6F397C00E6A1}.Debug|x86.Build.0 = Debug|Any CPU
		{119B3AD0-BEF1-4223-BE8B-6F397C00E6A1}.Release|Any CPU.ActiveCfg = Release|Any CPU
		{119B3AD0-BEF1-4223-BE8B-6F397C00E6A1}.Release|Any CPU.Build.0 = Release|Any CPU
		{119B3AD0-BEF1-4223-BE8B-6F397C00E6A1}.Release|x64.ActiveCfg = Release|Any CPU
		{119B3AD0-BEF1-4223-BE8B-6F397C00E6A1}.Release|x64.Build.0 = Release|Any CPU
		{119B3AD0-BEF1-4223-BE8B-6F397C00E6A1}.Release|x86.ActiveCfg = Release|Any CPU
		{119B3AD0-BEF1-4223-BE8B-6F397C00E6A1}.Release|x86.Build.0 = Release|Any CPU
		{06591671-98E6-421E-BCCD-F530EC7D9615}.Debug|Any CPU.ActiveCfg = Debug|Any CPU
		{06591671-98E6-421E-BCCD-F530EC7D9615}.Debug|Any CPU.Build.0 = Debug|Any CPU
		{06591671-98E6-421E-BCCD-F530EC7D9615}.Debug|x64.ActiveCfg = Debug|Any CPU
		{06591671-98E6-421E-BCCD-F530EC7D9615}.Debug|x64.Build.0 = Debug|Any CPU
		{06591671-98E6-421E-BCCD-F530EC7D9615}.Debug|x86.ActiveCfg = Debug|Any CPU
		{06591671-98E6-421E-BCCD-F530EC7D9615}.Debug|x86.Build.0 = Debug|Any CPU
		{06591671-98E6-421E-BCCD-F530EC7D9615}.Release|Any CPU.ActiveCfg = Release|Any CPU
		{06591671-98E6-421E-BCCD-F530EC7D9615}.Release|Any CPU.Build.0 = Release|Any CPU
		{06591671-98E6-421E-BCCD-F530EC7D9615}.Release|x64.ActiveCfg = Release|Any CPU
		{06591671-98E6-421E-BCCD-F530EC7D9615}.Release|x64.Build.0 = Release|Any CPU
		{06591671-98E6-421E-BCCD-F530EC7D9615}.Release|x86.ActiveCfg = Release|Any CPU
		{06591671-98E6-421E-BCCD-F530EC7D9615}.Release|x86.Build.0 = Release|Any CPU
		{95542CD8-E343-44F5-A78C-A287531A7D6E}.Debug|Any CPU.ActiveCfg = Debug|Any CPU
		{95542CD8-E343-44F5-A78C-A287531A7D6E}.Debug|Any CPU.Build.0 = Debug|Any CPU
		{95542CD8-E343-44F5-A78C-A287531A7D6E}.Debug|x64.ActiveCfg = Debug|Any CPU
		{95542CD8-E343-44F5-A78C-A287531A7D6E}.Debug|x64.Build.0 = Debug|Any CPU
		{95542CD8-E343-44F5-A78C-A287531A7D6E}.Debug|x86.ActiveCfg = Debug|Any CPU
		{95542CD8-E343-44F5-A78C-A287531A7D6E}.Debug|x86.Build.0 = Debug|Any CPU
		{95542CD8-E343-44F5-A78C-A287531A7D6E}.Release|Any CPU.ActiveCfg = Release|Any CPU
		{95542CD8-E343-44F5-A78C-A287531A7D6E}.Release|Any CPU.Build.0 = Release|Any CPU
		{95542CD8-E343-44F5-A78C-A287531A7D6E}.Release|x64.ActiveCfg = Release|Any CPU
		{95542CD8-E343-44F5-A78C-A287531A7D6E}.Release|x64.Build.0 = Release|Any CPU
		{95542CD8-E343-44F5-A78C-A287531A7D6E}.Release|x86.ActiveCfg = Release|Any CPU
		{95542CD8-E343-44F5-A78C-A287531A7D6E}.Release|x86.Build.0 = Release|Any CPU
	EndGlobalSection
EndGlobal
